{
  "version": 1,
  "dependencies": {
    "net10.0-windows7.0": {
      "DailyRoutines.CodeAnalysis": {
        "type": "Direct",
        "requested": "[2.6.0, )",
        "resolved": "2.6.0",
        "contentHash": "14sYsFdtHB1Dm++alMmm8K5QM2LsXg3EvcveXgiDxBt0TmQ1eRDOkpiZ5Hz9GYuNqg6A108ljVaDS31YegnZ8Q=="
      },
      "DotNet.ReproducibleBuilds": {
        "type": "Direct",
        "requested": "[1.2.39, )",
        "resolved": "1.2.39",
        "contentHash": "fcFN01tDTIQqDuTwr1jUQK/geofiwjG5DycJQOnC72i1SsLAk1ELe+apBOuZ11UMQG8YKFZG1FgvjZPbqHyatg=="
      },
      "TimeAgo.Core": {
        "type": "Direct",
        "requested": "[1.1.0, )",
        "resolved": "1.1.0",
        "contentHash": "vECozrzeWThMPPXtBdpATwfh+5eGqboZILOYYckSVZSn54JC6L+fdfB307Xu2UDtPvB4kx/tfwGy5+1VgkATfA=="
      },
      "TinyPinyin": {
        "type": "Direct",
        "requested": "[1.1.0, )",
        "resolved": "1.1.0",
        "contentHash": "pwe99NXsWkSeJdOwzcweorlyoB2frOlTU37QwzmnnxfRT5vRENXm4UOl5g4Nxq5V9lYOBWK1mZIozFfIlDVjYA=="
      },
      "AngleSharp": {
        "type": "Transitive",
        "resolved": "1.8.0",
        "contentHash": "vRW/0M11Jlfd7WkT5Kr0tXXmnWNVdxyII2S2b6AsgZCJEBGaXCUnti6nKIJTvAjmnmKcQbvn+SJ3lpt8dqoLIA=="
      },
      "GuerrillaNtp": {
        "type": "Transitive",
        "resolved": "3.1.0",
        "contentHash": "KebM3/iZtZWgeFuGTQJyWu+VQKAeq1xXY9bkSSDv27hALxDtSdJAfPnT8dWpl7ti2B3ajnMj70/VLXY4D3bupg=="
      },
      "omentools": {
        "type": "Project",
        "dependencies": {
          "AngleSharp": "[1.8.0, )",
          "GuerrillaNtp": "[3.1.0, )",
          "TinyPinyin": "[1.1.0, )"
        }
      }
    }
  }
}